
Microsoft Visual Studio Solution File, Format Version 12.00
# Visual Studio Version 17
VisualStudioVersion = 17.1.32210.238
MinimumVisualStudioVersion = 10.0.40219.1
Project("{FAE04EC0-301F-11D3-BF4B-00C04F79EFBC}") = "Practice_CSharp1", "Practice_CSharp1\Practice_CSharp1.csproj", "{A9685B55-D0FA-489C-ACE6-43128F0A061B}"
EndProject
Project("{FAE04EC0-301F-11D3-BF4B-00C04F79EFBC}") = "BMI", "BMI\BMI.csproj", "{98A88088-BE80-49FF-A2C4-2DA03DE879D8}"
EndProject
Global
	GlobalSection(SolutionConfigurationPlatforms) = preSolution
		Debug|Any CPU = Debug|Any CPU
		Release|Any CPU = Release|Any CPU
	EndGlobalSection
	GlobalSection(ProjectConfigurationPlatforms) = postSolution
		{A9685B55-D0FA-489C-ACE6-43128F0A061B}.Debug|Any CPU.ActiveCfg = Debug|Any CPU
		{A9685B55-D0FA-489C-ACE6-43128F0A061B}.Debug|Any CPU.Build.0 = Debug|Any CPU
		{A9685B55-D0FA-489C-ACE6-43128F0A061B}.Release|Any CPU.ActiveCfg = Release|Any CPU
		{A9685B55-D0FA-489C-ACE6-43128F0A061B}.Release|Any CPU.Build.0 = Release|Any CPU
		{98A88088-BE80-49FF-A2C4-2DA03DE879D8}.Debug|Any CPU.ActiveCfg = Debug|Any CPU
		{98A88088-BE80-49FF-A2C4-2DA03DE879D8}.Debug|Any CPU.Build.0 = Debug|Any CPU
		{98A88088-BE80-49FF-A2C4-2DA03DE879D8}.Release|Any CPU.ActiveCfg = Release|Any CPU
		{98A88088-BE80-49FF-A2C4-2DA03DE879D8}.Release|Any CPU.Build.0 = Release|Any CPU
	EndGlobalSection
	GlobalSection(SolutionProperties) = preSolution
		HideSolutionNode = FALSE
	EndGlobalSection
	GlobalSection(ExtensibilityGlobals) = postSolution
		SolutionGuid = {97073959-2A4C-41DA-B3E1-691047F1BB9C}
	EndGlobalSection
EndGlobal
